
Microsoft Visual Studio Solution File, Format Version 12.00
# Visual Studio 15
VisualStudioVersion = 15.0.27130.2027
MinimumVisualStudioVersion = 10.0.40219.1
Project("{8BC9CEB8-8B4A-11D0-8D11-00A0C91BC942}") = "PlantProject", "PlantProject.vcxproj", "{C5F80730-F44F-4478-BDAE-6634EFC2CA89}"
EndProject
Project("{8BC9CEB8-8B4A-11D0-8D11-00A0C91BC942}") = "AM2320-master-master", "C:\Users\Richard\Documents\Arduino\libraries\AM2320-master-master\AM2320-master-master.vcxitems", "{61EAFEBD-023A-4CB6-984C-B1F3A298B73E}"
EndProject
Project("{8BC9CEB8-8B4A-11D0-8D11-00A0C91BC942}") = "ArduinoJson", "C:\Users\Richard\Documents\Arduino\libraries\ArduinoJson\ArduinoJson.vcxitems", "{1EB4E734-1FBE-4725-9D72-3154245C202B}"
EndProject
Project("{8BC9CEB8-8B4A-11D0-8D11-00A0C91BC942}") = "Test", "Test.vcxproj", "{EBA96706-4D6C-4520-9C13-7DF6864559BA}"
EndProject
Project("{8BC9CEB8-8B4A-11D0-8D11-00A0C91BC942}") = "DS3231", "C:\Users\Richard\Documents\Arduino\libraries\DS3231\DS3231.vcxitems", "{BDA8F3CA-1BE3-4380-9DF5-E32895E04EE9}"
EndProject
Project("{8BC9CEB8-8B4A-11D0-8D11-00A0C91BC942}") = "Grove_-_Barometer_Sensor_BMP280", "C:\Users\Richard\Documents\Arduino\libraries\Grove_-_Barometer_Sensor_BMP280\Grove_-_Barometer_Sensor_BMP280.vcxitems", "{29EB4290-E4D8-4DAA-8B42-67A1C57A259A}"
EndProject
Project("{8BC9CEB8-8B4A-11D0-8D11-00A0C91BC942}") = "OneWire", "C:\Users\Richard\Documents\Arduino\libraries\OneWire\OneWire.vcxitems", "{F868725A-F76A-4770-A9A7-338FDAB515C6}"
EndProject
Project("{8BC9CEB8-8B4A-11D0-8D11-00A0C91BC942}") = "DallasTemperature", "C:\Users\Richard\Documents\Arduino\libraries\DallasTemperature\DallasTemperature.vcxitems", "{21BBC2DC-8F73-47C8-9A06-08B0D33B997B}"
EndProject
Project("{8BC9CEB8-8B4A-11D0-8D11-00A0C91BC942}") = "DHT_sensor_library", "C:\Users\Richard\Documents\Arduino\libraries\DHT_sensor_library\DHT_sensor_library.vcxitems", "{72F1CBBE-DB00-46E0-9AFC-C9C614DBFEB1}"
EndProject
Project("{8BC9CEB8-8B4A-11D0-8D11-00A0C91BC942}") = "DS1302", "C:\Users\Richard\Documents\Arduino\libraries\DS1302\DS1302.vcxitems", "{C2C84B69-E45F-48A7-BEED-4109665FAD00}"
EndProject
Project("{8BC9CEB8-8B4A-11D0-8D11-00A0C91BC942}") = "LiquidCrystal_I2C", "C:\Users\Richard\Documents\Arduino\libraries\LiquidCrystal_I2C\LiquidCrystal_I2C.vcxitems", "{544805F2-7701-4D1D-A85A-C6B7AB0D2793}"
EndProject
Project("{8BC9CEB8-8B4A-11D0-8D11-00A0C91BC942}") = "DataLogger", "DataLogger.vcxproj", "{CE431982-8543-4C42-98CD-667DE0F28E24}"
EndProject
Project("{2150E333-8FDC-42A3-9474-1A3956D46DE8}") = "Arduino Projects", "Arduino Projects", "{2BFE07CE-B04B-4207-AC3B-4C8276E68496}"
EndProject
Project("{2150E333-8FDC-42A3-9474-1A3956D46DE8}") = "Arduino Libraries", "Arduino Libraries", "{2D586C7D-135B-46B0-9278-7049CCB05BCF}"
EndProject
Global
	GlobalSection(SolutionConfigurationPlatforms) = preSolution
		Debug|Any CPU = Debug|Any CPU
		Debug|x86 = Debug|x86
		Release|Any CPU = Release|Any CPU
		Release|x86 = Release|x86
	EndGlobalSection
	GlobalSection(ProjectConfigurationPlatforms) = postSolution
		{C5F80730-F44F-4478-BDAE-6634EFC2CA89}.Debug|Any CPU.ActiveCfg = Debug|Win32
		{C5F80730-F44F-4478-BDAE-6634EFC2CA89}.Debug|x86.ActiveCfg = Debug|Win32
		{C5F80730-F44F-4478-BDAE-6634EFC2CA89}.Debug|x86.Build.0 = Debug|Win32
		{C5F80730-F44F-4478-BDAE-6634EFC2CA89}.Release|Any CPU.ActiveCfg = Release|Win32
		{C5F80730-F44F-4478-BDAE-6634EFC2CA89}.Release|x86.ActiveCfg = Release|Win32
		{C5F80730-F44F-4478-BDAE-6634EFC2CA89}.Release|x86.Build.0 = Release|Win32
		{EBA96706-4D6C-4520-9C13-7DF6864559BA}.Debug|Any CPU.ActiveCfg = Debug|Win32
		{EBA96706-4D6C-4520-9C13-7DF6864559BA}.Debug|x86.ActiveCfg = Debug|Win32
		{EBA96706-4D6C-4520-9C13-7DF6864559BA}.Debug|x86.Build.0 = Debug|Win32
		{EBA96706-4D6C-4520-9C13-7DF6864559BA}.Release|Any CPU.ActiveCfg = Release|Win32
		{EBA96706-4D6C-4520-9C13-7DF6864559BA}.Release|x86.ActiveCfg = Release|Win32
		{EBA96706-4D6C-4520-9C13-7DF6864559BA}.Release|x86.Build.0 = Release|Win32
		{CE431982-8543-4C42-98CD-667DE0F28E24}.Debug|Any CPU.ActiveCfg = Debug|Win32
		{CE431982-8543-4C42-98CD-667DE0F28E24}.Debug|x86.ActiveCfg = Debug|Win32
		{CE431982-8543-4C42-98CD-667DE0F28E24}.Debug|x86.Build.0 = Debug|Win32
		{CE431982-8543-4C42-98CD-667DE0F28E24}.Release|Any CPU.ActiveCfg = Release|Win32
		{CE431982-8543-4C42-98CD-667DE0F28E24}.Release|x86.ActiveCfg = Release|Win32
		{CE431982-8543-4C42-98CD-667DE0F28E24}.Release|x86.Build.0 = Release|Win32
	EndGlobalSection
	GlobalSection(SolutionProperties) = preSolution
		HideSolutionNode = FALSE
	EndGlobalSection
	GlobalSection(NestedProjects) = preSolution
		{C5F80730-F44F-4478-BDAE-6634EFC2CA89} = {2BFE07CE-B04B-4207-AC3B-4C8276E68496}
		{61EAFEBD-023A-4CB6-984C-B1F3A298B73E} = {2D586C7D-135B-46B0-9278-7049CCB05BCF}
		{1EB4E734-1FBE-4725-9D72-3154245C202B} = {2D586C7D-135B-46B0-9278-7049CCB05BCF}
		{EBA96706-4D6C-4520-9C13-7DF6864559BA} = {2BFE07CE-B04B-4207-AC3B-4C8276E68496}
		{BDA8F3CA-1BE3-4380-9DF5-E32895E04EE9} = {2D586C7D-135B-46B0-9278-7049CCB05BCF}
		{29EB4290-E4D8-4DAA-8B42-67A1C57A259A} = {2D586C7D-135B-46B0-9278-7049CCB05BCF}
		{F868725A-F76A-4770-A9A7-338FDAB515C6} = {2D586C7D-135B-46B0-9278-7049CCB05BCF}
		{21BBC2DC-8F73-47C8-9A06-08B0D33B997B} = {2D586C7D-135B-46B0-9278-7049CCB05BCF}
		{72F1CBBE-DB00-46E0-9AFC-C9C614DBFEB1} = {2D586C7D-135B-46B0-9278-7049CCB05BCF}
		{C2C84B69-E45F-48A7-BEED-4109665FAD00} = {2D586C7D-135B-46B0-9278-7049CCB05BCF}
		{544805F2-7701-4D1D-A85A-C6B7AB0D2793} = {2D586C7D-135B-46B0-9278-7049CCB05BCF}
		{CE431982-8543-4C42-98CD-667DE0F28E24} = {2BFE07CE-B04B-4207-AC3B-4C8276E68496}
	EndGlobalSection
	GlobalSection(ExtensibilityGlobals) = postSolution
		SolutionGuid = {979AB6DE-6D1D-4AF6-9D61-A558538AA103}
	EndGlobalSection
EndGlobal
