
Microsoft Visual Studio Solution File, Format Version 12.00
# Visual Studio 15
VisualStudioVersion = 15.0.27130.2027
MinimumVisualStudioVersion = 10.0.40219.1
Project("{8BC9CEB8-8B4A-11D0-8D11-00A0C91BC942}") = "PlantProject", "PlantProject.vcxproj", "{C5F80730-F44F-4478-BDAE-6634EFC2CA89}"
EndProject
Project("{8BC9CEB8-8B4A-11D0-8D11-00A0C91BC942}") = "AM2320-master-master", "C:\Users\Richard\Documents\Arduino\libraries\AM2320-master-master\AM2320-master-master.vcxitems", "{61EAFEBD-023A-4CB6-984C-B1F3A298B73E}"
EndProject
Project("{8BC9CEB8-8B4A-11D0-8D11-00A0C91BC942}") = "ArduinoJson", "C:\Users\Richard\Documents\Arduino\libraries\ArduinoJson\ArduinoJson.vcxitems", "{1EB4E734-1FBE-4725-9D72-3154245C202B}"
EndProject
Project("{8BC9CEB8-8B4A-11D0-8D11-00A0C91BC942}") = "Test", "Test.vcxproj", "{EBA96706-4D6C-4520-9C13-7DF6864559BA}"
EndProject
Project("{8BC9CEB8-8B4A-11D0-8D11-00A0C91BC942}") = "DS3231", "C:\Users\Richard\Documents\Arduino\libraries\DS3231\DS3231.vcxitems", "{BDA8F3CA-1BE3-4380-9DF5-E32895E04EE9}"
EndProject
Project("{8BC9CEB8-8B4A-11D0-8D11-00A0C91BC942}") = "Grove_-_Barometer_Sensor_BMP280", "C:\Users\Richard\Documents\Arduino\libraries\Grove_-_Barometer_Sensor_BMP280\Grove_-_Barometer_Sensor_BMP280.vcxitems", "{29EB4290-E4D8-4DAA-8B42-67A1C57A259A}"
EndProject
Global
	GlobalSection(SolutionConfigurationPlatforms) = preSolution
		Debug|x86 = Debug|x86
		Release|x86 = Release|x86
	EndGlobalSection
	GlobalSection(ProjectConfigurationPlatforms) = postSolution
		{C5F80730-F44F-4478-BDAE-6634EFC2CA89}.Debug|x86.ActiveCfg = Debug|Win32
		{C5F80730-F44F-4478-BDAE-6634EFC2CA89}.Debug|x86.Build.0 = Debug|Win32
		{C5F80730-F44F-4478-BDAE-6634EFC2CA89}.Release|x86.ActiveCfg = Release|Win32
		{C5F80730-F44F-4478-BDAE-6634EFC2CA89}.Release|x86.Build.0 = Release|Win32
		{EBA96706-4D6C-4520-9C13-7DF6864559BA}.Debug|x86.ActiveCfg = Debug|Win32
		{EBA96706-4D6C-4520-9C13-7DF6864559BA}.Debug|x86.Build.0 = Debug|Win32
		{EBA96706-4D6C-4520-9C13-7DF6864559BA}.Release|x86.ActiveCfg = Release|Win32
		{EBA96706-4D6C-4520-9C13-7DF6864559BA}.Release|x86.Build.0 = Release|Win32
	EndGlobalSection
	GlobalSection(SolutionProperties) = preSolution
		HideSolutionNode = FALSE
	EndGlobalSection
	GlobalSection(ExtensibilityGlobals) = postSolution
		SolutionGuid = {979AB6DE-6D1D-4AF6-9D61-A558538AA103}
	EndGlobalSection
EndGlobal
